
Microsoft Visual Studio Solution File, Format Version 12.00
# Visual Studio 15
Project("{FAE04EC0-301F-11D3-BF4B-00C04F79EFBC}") = "Assembly-CSharp-firstpass", "Assembly-CSharp-firstpass.csproj", "{7785B30A-D4E4-599C-918D-431AB9BB1A68}"
EndProject
Project("{FAE04EC0-301F-11D3-BF4B-00C04F79EFBC}") = "Assembly-CSharp", "Assembly-CSharp.csproj", "{C752D0C8-F11B-8812-9FA8-675DF0F4BA48}"
EndProject
Project("{FAE04EC0-301F-11D3-BF4B-00C04F79EFBC}") = "Assembly-CSharp-Editor-firstpass", "Assembly-CSharp-Editor-firstpass.csproj", "{EE3D1689-1B75-4E84-BCB5-0B94478B2238}"
EndProject
Global
	GlobalSection(SolutionConfigurationPlatforms) = preSolution
		Debug|Any CPU = Debug|Any CPU
		Release|Any CPU = Release|Any CPU
	EndGlobalSection
	GlobalSection(ProjectConfigurationPlatforms) = postSolution
		{7785B30A-D4E4-599C-918D-431AB9BB1A68}.Debug|Any CPU.ActiveCfg = Debug|Any CPU
		{7785B30A-D4E4-599C-918D-431AB9BB1A68}.Debug|Any CPU.Build.0 = Debug|Any CPU
		{7785B30A-D4E4-599C-918D-431AB9BB1A68}.Release|Any CPU.ActiveCfg = Release|Any CPU
		{7785B30A-D4E4-599C-918D-431AB9BB1A68}.Release|Any CPU.Build.0 = Release|Any CPU
		{C752D0C8-F11B-8812-9FA8-675DF0F4BA48}.Debug|Any CPU.ActiveCfg = Debug|Any CPU
		{C752D0C8-F11B-8812-9FA8-675DF0F4BA48}.Debug|Any CPU.Build.0 = Debug|Any CPU
		{C752D0C8-F11B-8812-9FA8-675DF0F4BA48}.Release|Any CPU.ActiveCfg = Release|Any CPU
		{C752D0C8-F11B-8812-9FA8-675DF0F4BA48}.Release|Any CPU.Build.0 = Release|Any CPU
		{EE3D1689-1B75-4E84-BCB5-0B94478B2238}.Debug|Any CPU.ActiveCfg = Debug|Any CPU
		{EE3D1689-1B75-4E84-BCB5-0B94478B2238}.Debug|Any CPU.Build.0 = Debug|Any CPU
		{EE3D1689-1B75-4E84-BCB5-0B94478B2238}.Release|Any CPU.ActiveCfg = Release|Any CPU
		{EE3D1689-1B75-4E84-BCB5-0B94478B2238}.Release|Any CPU.Build.0 = Release|Any CPU
	EndGlobalSection
	GlobalSection(SolutionProperties) = preSolution
		HideSolutionNode = FALSE
	EndGlobalSection
EndGlobal
